{
  "name": "mouthpiece",
  "version": "1.0.0",
  "lockfileVersion": 2,
  "requires": true,
  "packages": {
    "": {
      "version": "1.0.0",
      "license": "ISC",
      "dependencies": {
        "comfy.js": "^1.1.10",
        "dotenv": "^8.2.0"
      }
    },
    "node_modules/comfy.js": {
      "version": "1.1.10",
      "resolved": "https://registry.npmjs.org/comfy.js/-/comfy.js-1.1.10.tgz",
      "integrity": "sha512-SFQ5viFY71MwcByDS/Aew+yJjcis6UT4zwiJdKmqbvp6vwNABRDtBaYGReDt+fGk0RN8+iOEU4zwXrH/4v+NJg==",
      "dependencies": {
        "node-fetch": "^2.6.0",
        "tmi.js": "^1.5.0"
      }
    },
    "node_modules/dotenv": {
      "version": "8.2.0",
      "resolved": "https://registry.npmjs.org/dotenv/-/dotenv-8.2.0.tgz",
      "integrity": "sha512-8sJ78ElpbDJBHNeBzUbUVLsqKdccaa/BXF1uPTw3GrvQTBgrQrtObr2mUrE38vzYd8cEv+m/JBfDLioYcfXoaw==",
      "engines": {
        "node": ">=8"
      }
    },
    "node_modules/node-fetch": {
      "version": "2.6.1",
      "resolved": "https://registry.npmjs.org/node-fetch/-/node-fetch-2.6.1.tgz",
      "integrity": "sha512-V4aYg89jEoVRxRb2fJdAg8FHvI7cEyYdVAh94HH0UIK8oJxUfkjlDQN9RbMx+bEjP7+ggMiFRprSti032Oipxw==",
      "engines": {
        "node": "4.x || >=6.0.0"
      }
    },
    "node_modules/tmi.js": {
      "version": "1.8.1",
      "resolved": "https://registry.npmjs.org/tmi.js/-/tmi.js-1.8.1.tgz",
      "integrity": "sha512-1z6+3Otg1dqbEFK59DazERsfdO4c35G7mSJNW17MyLqLifblg+8oVnNNzOpn17NjUVV7TGhKP9gneHxHG455ig==",
      "dependencies": {
        "node-fetch": "^2.6.1",
        "ws": "^7.4.3"
      },
      "engines": {
        "node": ">=10.0.0"
      }
    },
    "node_modules/ws": {
      "version": "7.4.4",
      "resolved": "https://registry.npmjs.org/ws/-/ws-7.4.4.tgz",
      "integrity": "sha512-Qm8k8ojNQIMx7S+Zp8u/uHOx7Qazv3Yv4q68MiWWWOJhiwG5W3x7iqmRtJo8xxrciZUY4vRxUTJCKuRnF28ZZw==",
      "engines": {
        "node": ">=8.3.0"
      },
      "peerDependencies": {
        "bufferutil": "^4.0.1",
        "utf-8-validate": "^5.0.2"
      },
      "peerDependenciesMeta": {
        "bufferutil": {
          "optional": true
        },
        "utf-8-validate": {
          "optional": true
        }
      }
    }
  },
  "dependencies": {
    "comfy.js": {
      "version": "1.1.10",
      "resolved": "https://registry.npmjs.org/comfy.js/-/comfy.js-1.1.10.tgz",
      "integrity": "sha512-SFQ5viFY71MwcByDS/Aew+yJjcis6UT4zwiJdKmqbvp6vwNABRDtBaYGReDt+fGk0RN8+iOEU4zwXrH/4v+NJg==",
      "requires": {
        "node-fetch": "^2.6.0",
        "tmi.js": "^1.5.0"
      }
    },
    "dotenv": {
      "version": "8.2.0",
      "resolved": "https://registry.npmjs.org/dotenv/-/dotenv-8.2.0.tgz",
      "integrity": "sha512-8sJ78ElpbDJBHNeBzUbUVLsqKdccaa/BXF1uPTw3GrvQTBgrQrtObr2mUrE38vzYd8cEv+m/JBfDLioYcfXoaw=="
    },
    "node-fetch": {
      "version": "2.6.1",
      "resolved": "https://registry.npmjs.org/node-fetch/-/node-fetch-2.6.1.tgz",
      "integrity": "sha512-V4aYg89jEoVRxRb2fJdAg8FHvI7cEyYdVAh94HH0UIK8oJxUfkjlDQN9RbMx+bEjP7+ggMiFRprSti032Oipxw=="
    },
    "tmi.js": {
      "version": "1.8.1",
      "resolved": "https://registry.npmjs.org/tmi.js/-/tmi.js-1.8.1.tgz",
      "integrity": "sha512-1z6+3Otg1dqbEFK59DazERsfdO4c35G7mSJNW17MyLqLifblg+8oVnNNzOpn17NjUVV7TGhKP9gneHxHG455ig==",
      "requires": {
        "node-fetch": "^2.6.1",
        "ws": "^7.4.3"
      }
    },
    "ws": {
      "version": "7.4.4",
      "resolved": "https://registry.npmjs.org/ws/-/ws-7.4.4.tgz",
      "integrity": "sha512-Qm8k8ojNQIMx7S+Zp8u/uHOx7Qazv3Yv4q68MiWWWOJhiwG5W3x7iqmRtJo8xxrciZUY4vRxUTJCKuRnF28ZZw==",
      "requires": {}
    }
  }
}
